
Microsoft Visual Studio Solution File, Format Version 12.00
# Visual Studio 15
VisualStudioVersion = 15.0.27004.2009
MinimumVisualStudioVersion = 10.0.40219.1
Project("{FAE04EC0-301F-11D3-BF4B-00C04F79EFBC}") = "SaveKittens", "SaveKittens\SaveKittens.csproj", "{3A19267C-273C-4ED4-AA48-B400545CF32F}"
EndProject
Global
	GlobalSection(SolutionConfigurationPlatforms) = preSolution
		Debug|Any CPU = Debug|Any CPU
		Release|Any CPU = Release|Any CPU
	EndGlobalSection
	GlobalSection(ProjectConfigurationPlatforms) = postSolution
		{3A19267C-273C-4ED4-AA48-B400545CF32F}.Debug|Any CPU.ActiveCfg = Debug|Any CPU
		{3A19267C-273C-4ED4-AA48-B400545CF32F}.Debug|Any CPU.Build.0 = Debug|Any CPU
		{3A19267C-273C-4ED4-AA48-B400545CF32F}.Release|Any CPU.ActiveCfg = Release|Any CPU
		{3A19267C-273C-4ED4-AA48-B400545CF32F}.Release|Any CPU.Build.0 = Release|Any CPU
	EndGlobalSection
	GlobalSection(SolutionProperties) = preSolution
		HideSolutionNode = FALSE
	EndGlobalSection
	GlobalSection(ExtensibilityGlobals) = postSolution
		SolutionGuid = {DCB56561-9174-444D-853C-15C66FC29716}
	EndGlobalSection
EndGlobal
